
Microsoft Visual Studio Solution File, Format Version 12.00
# Visual Studio Version 16
VisualStudioVersion = 16.0.29230.47
MinimumVisualStudioVersion = 10.0.40219.1
Project("{FAE04EC0-301F-11D3-BF4B-00C04F79EFBC}") = "Player", "Player\Player.csproj", "{D9210895-03CB-4307-8F27-C89360C7D7CD}"
EndProject
Project("{FAE04EC0-301F-11D3-BF4B-00C04F79EFBC}") = "Animals", "Animals\Animals.csproj", "{6C370892-B45C-4429-9FD3-960C8956B74F}"
EndProject
Project("{FAE04EC0-301F-11D3-BF4B-00C04F79EFBC}") = "CarRental.GUI", "CarRental.GUI\CarRental.GUI.csproj", "{F1542782-C7A2-4D5E-AC7D-A19330905F59}"
EndProject
Global
	GlobalSection(SolutionConfigurationPlatforms) = preSolution
		Debug|Any CPU = Debug|Any CPU
		Release|Any CPU = Release|Any CPU
	EndGlobalSection
	GlobalSection(ProjectConfigurationPlatforms) = postSolution
		{D9210895-03CB-4307-8F27-C89360C7D7CD}.Debug|Any CPU.ActiveCfg = Debug|Any CPU
		{D9210895-03CB-4307-8F27-C89360C7D7CD}.Debug|Any CPU.Build.0 = Debug|Any CPU
		{D9210895-03CB-4307-8F27-C89360C7D7CD}.Release|Any CPU.ActiveCfg = Release|Any CPU
		{D9210895-03CB-4307-8F27-C89360C7D7CD}.Release|Any CPU.Build.0 = Release|Any CPU
		{6C370892-B45C-4429-9FD3-960C8956B74F}.Debug|Any CPU.ActiveCfg = Debug|Any CPU
		{6C370892-B45C-4429-9FD3-960C8956B74F}.Debug|Any CPU.Build.0 = Debug|Any CPU
		{6C370892-B45C-4429-9FD3-960C8956B74F}.Release|Any CPU.ActiveCfg = Release|Any CPU
		{6C370892-B45C-4429-9FD3-960C8956B74F}.Release|Any CPU.Build.0 = Release|Any CPU
		{F1542782-C7A2-4D5E-AC7D-A19330905F59}.Debug|Any CPU.ActiveCfg = Debug|Any CPU
		{F1542782-C7A2-4D5E-AC7D-A19330905F59}.Debug|Any CPU.Build.0 = Debug|Any CPU
		{F1542782-C7A2-4D5E-AC7D-A19330905F59}.Release|Any CPU.ActiveCfg = Release|Any CPU
		{F1542782-C7A2-4D5E-AC7D-A19330905F59}.Release|Any CPU.Build.0 = Release|Any CPU
	EndGlobalSection
	GlobalSection(SolutionProperties) = preSolution
		HideSolutionNode = FALSE
	EndGlobalSection
	GlobalSection(ExtensibilityGlobals) = postSolution
		SolutionGuid = {33178EEB-CB8D-4C9E-AE0F-DDF61C4BC896}
	EndGlobalSection
EndGlobal
