
Microsoft Visual Studio Solution File, Format Version 12.00
# Visual Studio Version 16
VisualStudioVersion = 16.0.29230.47
MinimumVisualStudioVersion = 10.0.40219.1
Project("{FAE04EC0-301F-11D3-BF4B-00C04F79EFBC}") = "Player", "Player\Player.csproj", "{D9210895-03CB-4307-8F27-C89360C7D7CD}"
EndProject
Global
	GlobalSection(SolutionConfigurationPlatforms) = preSolution
		Debug|Any CPU = Debug|Any CPU
		Release|Any CPU = Release|Any CPU
	EndGlobalSection
	GlobalSection(ProjectConfigurationPlatforms) = postSolution
		{D9210895-03CB-4307-8F27-C89360C7D7CD}.Debug|Any CPU.ActiveCfg = Debug|Any CPU
		{D9210895-03CB-4307-8F27-C89360C7D7CD}.Debug|Any CPU.Build.0 = Debug|Any CPU
		{D9210895-03CB-4307-8F27-C89360C7D7CD}.Release|Any CPU.ActiveCfg = Release|Any CPU
		{D9210895-03CB-4307-8F27-C89360C7D7CD}.Release|Any CPU.Build.0 = Release|Any CPU
	EndGlobalSection
	GlobalSection(SolutionProperties) = preSolution
		HideSolutionNode = FALSE
	EndGlobalSection
	GlobalSection(ExtensibilityGlobals) = postSolution
		SolutionGuid = {33178EEB-CB8D-4C9E-AE0F-DDF61C4BC896}
	EndGlobalSection
EndGlobal
